{
  "name": "nodd-metrics",
  "version": "1.0.0",
  "lockfileVersion": 1,
  "requires": true,
  "dependencies": {
    "@types/node": {
      "version": "11.9.6",
      "resolved": "https://registry.npmjs.org/@types/node/-/node-11.9.6.tgz",
      "integrity": "sha512-4hS2K4gwo9/aXIcoYxCtHpdgd8XUeDmo1siRCAH3RziXB65JlPqUFMtfy9VPj+og7dp3w1TFjGwYga4e0m9GwA=="
    },
    "influx": {
      "version": "5.0.7",
      "resolved": "https://registry.npmjs.org/influx/-/influx-5.0.7.tgz",
      "integrity": "sha1-NeZfa/E8uqF2MQi1WWqAanJ6Upo="
    }
  }
}
